// !$*UTF8*$!
{
	archiveVersion = 1;
	classes = {
	};
	objectVersion = 50;
	objects = {

/* Begin PBXBuildFile section */
		375FA86E2224A13300A30F49 /* AppDelegate.swift in Sources */ = {isa = PBXBuildFile; fileRef = 375FA86D2224A13300A30F49 /* AppDelegate.swift */; };
		375FA8732224A13300A30F49 /* Main.storyboard in Resources */ = {isa = PBXBuildFile; fileRef = 375FA8712224A13300A30F49 /* Main.storyboard */; };
		375FA8762224A13300A30F49 /* Parstagramm.xcdatamodeld in Sources */ = {isa = PBXBuildFile; fileRef = 375FA8742224A13300A30F49 /* Parstagramm.xcdatamodeld */; };
		375FA8782224A13600A30F49 /* Assets.xcassets in Resources */ = {isa = PBXBuildFile; fileRef = 375FA8772224A13600A30F49 /* Assets.xcassets */; };
		375FA87B2224A13600A30F49 /* LaunchScreen.storyboard in Resources */ = {isa = PBXBuildFile; fileRef = 375FA8792224A13600A30F49 /* LaunchScreen.storyboard */; };
		375FA8862224A13600A30F49 /* ParstagrammTests.swift in Sources */ = {isa = PBXBuildFile; fileRef = 375FA8852224A13600A30F49 /* ParstagrammTests.swift */; };
		375FA8912224A13600A30F49 /* ParstagrammUITests.swift in Sources */ = {isa = PBXBuildFile; fileRef = 375FA8902224A13600A30F49 /* ParstagrammUITests.swift */; };
		375FA89F2224C0B300A30F49 /* LoginViewController.swift in Sources */ = {isa = PBXBuildFile; fileRef = 375FA89E2224C0B300A30F49 /* LoginViewController.swift */; };
		375FA8A12224C0BE00A30F49 /* FeedViewController.swift in Sources */ = {isa = PBXBuildFile; fileRef = 375FA8A02224C0BE00A30F49 /* FeedViewController.swift */; };
		375FA8A32224CEFB00A30F49 /* CameraViewController.swift in Sources */ = {isa = PBXBuildFile; fileRef = 375FA8A22224CEFB00A30F49 /* CameraViewController.swift */; };
		375FA8A5222666E700A30F49 /* PostCell.swift in Sources */ = {isa = PBXBuildFile; fileRef = 375FA8A4222666E700A30F49 /* PostCell.swift */; };
		3844EF2ABF43D67A681F0E6F /* Pods_ParstagrammUITests.framework in Frameworks */ = {isa = PBXBuildFile; fileRef = 02BFF6F9936EB7A684314F14 /* Pods_ParstagrammUITests.framework */; };
		899570CEAD71C11A63904A3F /* Pods_Parstagramm.framework in Frameworks */ = {isa = PBXBuildFile; fileRef = 9DC36EA5956456CD3E857519 /* Pods_Parstagramm.framework */; };
		FBB1B549F07EEE73204F434E /* Pods_ParstagrammTests.framework in Frameworks */ = {isa = PBXBuildFile; fileRef = 18013FA28503528592A76067 /* Pods_ParstagrammTests.framework */; };
/* End PBXBuildFile section */

/* Begin PBXContainerItemProxy section */
		375FA8822224A13600A30F49 /* PBXContainerItemProxy */ = {
			isa = PBXContainerItemProxy;
			containerPortal = 375FA8622224A13300A30F49 /* Project object */;
			proxyType = 1;
			remoteGlobalIDString = 375FA8692224A13300A30F49;
			remoteInfo = Parstagramm;
		};
		375FA88D2224A13600A30F49 /* PBXContainerItemProxy */ = {
			isa = PBXContainerItemProxy;
			containerPortal = 375FA8622224A13300A30F49 /* Project object */;
			proxyType = 1;
			remoteGlobalIDString = 375FA8692224A13300A30F49;
			remoteInfo = Parstagramm;
		};
/* End PBXContainerItemProxy section */

/* Begin PBXFileReference section */
		02BFF6F9936EB7A684314F14 /* Pods_ParstagrammUITests.framework */ = {isa = PBXFileReference; explicitFileType = wrapper.framework; includeInIndex = 0; path = Pods_ParstagrammUITests.framework; sourceTree = BUILT_PRODUCTS_DIR; };
		17FA9454512D0C24CC4F1828 /* Pods-ParstagrammTests.debug.xcconfig */ = {isa = PBXFileReference; includeInIndex = 1; lastKnownFileType = text.xcconfig; name = "Pods-ParstagrammTests.debug.xcconfig"; path = "Pods/Target Support Files/Pods-ParstagrammTests/Pods-ParstagrammTests.debug.xcconfig"; sourceTree = "<group>"; };
		18013FA28503528592A76067 /* Pods_ParstagrammTests.framework */ = {isa = PBXFileReference; explicitFileType = wrapper.framework; includeInIndex = 0; path = Pods_ParstagrammTests.framework; sourceTree = BUILT_PRODUCTS_DIR; };
		2FF512E9AF4812AA4F7F9BAE /* Pods-ParstagrammTests.release.xcconfig */ = {isa = PBXFileReference; includeInIndex = 1; lastKnownFileType = text.xcconfig; name = "Pods-ParstagrammTests.release.xcconfig"; path = "Pods/Target Support Files/Pods-ParstagrammTests/Pods-ParstagrammTests.release.xcconfig"; sourceTree = "<group>"; };
		375FA86A2224A13300A30F49 /* Parstagramm.app */ = {isa = PBXFileReference; explicitFileType = wrapper.application; includeInIndex = 0; path = Parstagramm.app; sourceTree = BUILT_PRODUCTS_DIR; };
		375FA86D2224A13300A30F49 /* AppDelegate.swift */ = {isa = PBXFileReference; lastKnownFileType = sourcecode.swift; path = AppDelegate.swift; sourceTree = "<group>"; };
		375FA8722224A13300A30F49 /* Base */ = {isa = PBXFileReference; lastKnownFileType = file.storyboard; name = Base; path = Base.lproj/Main.storyboard; sourceTree = "<group>"; };
		375FA8752224A13300A30F49 /* Parstagramm.xcdatamodel */ = {isa = PBXFileReference; lastKnownFileType = wrapper.xcdatamodel; path = Parstagramm.xcdatamodel; sourceTree = "<group>"; };
		375FA8772224A13600A30F49 /* Assets.xcassets */ = {isa = PBXFileReference; lastKnownFileType = folder.assetcatalog; path = Assets.xcassets; sourceTree = "<group>"; };
		375FA87A2224A13600A30F49 /* Base */ = {isa = PBXFileReference; lastKnownFileType = file.storyboard; name = Base; path = Base.lproj/LaunchScreen.storyboard; sourceTree = "<group>"; };
		375FA87C2224A13600A30F49 /* Info.plist */ = {isa = PBXFileReference; lastKnownFileType = text.plist.xml; path = Info.plist; sourceTree = "<group>"; };
		375FA8812224A13600A30F49 /* ParstagrammTests.xctest */ = {isa = PBXFileReference; explicitFileType = wrapper.cfbundle; includeInIndex = 0; path = ParstagrammTests.xctest; sourceTree = BUILT_PRODUCTS_DIR; };
		375FA8852224A13600A30F49 /* ParstagrammTests.swift */ = {isa = PBXFileReference; lastKnownFileType = sourcecode.swift; path = ParstagrammTests.swift; sourceTree = "<group>"; };
		375FA8872224A13600A30F49 /* Info.plist */ = {isa = PBXFileReference; lastKnownFileType = text.plist.xml; path = Info.plist; sourceTree = "<group>"; };
		375FA88C2224A13600A30F49 /* ParstagrammUITests.xctest */ = {isa = PBXFileReference; explicitFileType = wrapper.cfbundle; includeInIndex = 0; path = ParstagrammUITests.xctest; sourceTree = BUILT_PRODUCTS_DIR; };
		375FA8902224A13600A30F49 /* ParstagrammUITests.swift */ = {isa = PBXFileReference; lastKnownFileType = sourcecode.swift; path = ParstagrammUITests.swift; sourceTree = "<group>"; };
		375FA8922224A13600A30F49 /* Info.plist */ = {isa = PBXFileReference; lastKnownFileType = text.plist.xml; path = Info.plist; sourceTree = "<group>"; };
		375FA89E2224C0B300A30F49 /* LoginViewController.swift */ = {isa = PBXFileReference; lastKnownFileType = sourcecode.swift; path = LoginViewController.swift; sourceTree = "<group>"; };
		375FA8A02224C0BE00A30F49 /* FeedViewController.swift */ = {isa = PBXFileReference; lastKnownFileType = sourcecode.swift; path = FeedViewController.swift; sourceTree = "<group>"; };
		375FA8A22224CEFB00A30F49 /* CameraViewController.swift */ = {isa = PBXFileReference; lastKnownFileType = sourcecode.swift; path = CameraViewController.swift; sourceTree = "<group>"; };
		375FA8A4222666E700A30F49 /* PostCell.swift */ = {isa = PBXFileReference; lastKnownFileType = sourcecode.swift; path = PostCell.swift; sourceTree = "<group>"; };
		4C8BA225EFB866901F60C022 /* Pods-ParstagrammUITests.release.xcconfig */ = {isa = PBXFileReference; includeInIndex = 1; lastKnownFileType = text.xcconfig; name = "Pods-ParstagrammUITests.release.xcconfig"; path = "Pods/Target Support Files/Pods-ParstagrammUITests/Pods-ParstagrammUITests.release.xcconfig"; sourceTree = "<group>"; };
		7E1807282E34CA2F8B0E097D /* Pods-Parstagramm.debug.xcconfig */ = {isa = PBXFileReference; includeInIndex = 1; lastKnownFileType = text.xcconfig; name = "Pods-Parstagramm.debug.xcconfig"; path = "Pods/Target Support Files/Pods-Parstagramm/Pods-Parstagramm.debug.xcconfig"; sourceTree = "<group>"; };
		8909B709833E8C590B5CDAB5 /* Pods-ParstagrammUITests.debug.xcconfig */ = {isa = PBXFileReference; includeInIndex = 1; lastKnownFileType = text.xcconfig; name = "Pods-ParstagrammUITests.debug.xcconfig"; path = "Pods/Target Support Files/Pods-ParstagrammUITests/Pods-ParstagrammUITests.debug.xcconfig"; sourceTree = "<group>"; };
		9DC36EA5956456CD3E857519 /* Pods_Parstagramm.framework */ = {isa = PBXFileReference; explicitFileType = wrapper.framework; includeInIndex = 0; path = Pods_Parstagramm.framework; sourceTree = BUILT_PRODUCTS_DIR; };
		D364B520CBEDBFF6A31C4695 /* Pods-Parstagramm.release.xcconfig */ = {isa = PBXFileReference; includeInIndex = 1; lastKnownFileType = text.xcconfig; name = "Pods-Parstagramm.release.xcconfig"; path = "Pods/Target Support Files/Pods-Parstagramm/Pods-Parstagramm.release.xcconfig"; sourceTree = "<group>"; };
/* End PBXFileReference section */

/* Begin PBXFrameworksBuildPhase section */
		375FA8672224A13300A30F49 /* Frameworks */ = {
			isa = PBXFrameworksBuildPhase;
			buildActionMask = 2147483647;
			files = (
				899570CEAD71C11A63904A3F /* Pods_Parstagramm.framework in Frameworks */,
			);
			runOnlyForDeploymentPostprocessing = 0;
		};
		375FA87E2224A13600A30F49 /* Frameworks */ = {
			isa = PBXFrameworksBuildPhase;
			buildActionMask = 2147483647;
			files = (
				FBB1B549F07EEE73204F434E /* Pods_ParstagrammTests.framework in Frameworks */,
			);
			runOnlyForDeploymentPostprocessing = 0;
		};
		375FA8892224A13600A30F49 /* Frameworks */ = {
			isa = PBXFrameworksBuildPhase;
			buildActionMask = 2147483647;
			files = (
				3844EF2ABF43D67A681F0E6F /* Pods_ParstagrammUITests.framework in Frameworks */,
			);
			runOnlyForDeploymentPostprocessing = 0;
		};
/* End PBXFrameworksBuildPhase section */

/* Begin PBXGroup section */
		375FA8612224A13300A30F49 = {
			isa = PBXGroup;
			children = (
				375FA86C2224A13300A30F49 /* Parstagramm */,
				375FA8842224A13600A30F49 /* ParstagrammTests */,
				375FA88F2224A13600A30F49 /* ParstagrammUITests */,
				375FA86B2224A13300A30F49 /* Products */,
				E32B87B11BE4784265E8F6AD /* Pods */,
				6B15696BC6A5AF61FCCB939F /* Frameworks */,
			);
			sourceTree = "<group>";
		};
		375FA86B2224A13300A30F49 /* Products */ = {
			isa = PBXGroup;
			children = (
				375FA86A2224A13300A30F49 /* Parstagramm.app */,
				375FA8812224A13600A30F49 /* ParstagrammTests.xctest */,
				375FA88C2224A13600A30F49 /* ParstagrammUITests.xctest */,
			);
			name = Products;
			sourceTree = "<group>";
		};
		375FA86C2224A13300A30F49 /* Parstagramm */ = {
			isa = PBXGroup;
			children = (
				375FA86D2224A13300A30F49 /* AppDelegate.swift */,
				375FA8712224A13300A30F49 /* Main.storyboard */,
				375FA8772224A13600A30F49 /* Assets.xcassets */,
				375FA8792224A13600A30F49 /* LaunchScreen.storyboard */,
				375FA87C2224A13600A30F49 /* Info.plist */,
				375FA8742224A13300A30F49 /* Parstagramm.xcdatamodeld */,
				375FA89E2224C0B300A30F49 /* LoginViewController.swift */,
				375FA8A02224C0BE00A30F49 /* FeedViewController.swift */,
				375FA8A22224CEFB00A30F49 /* CameraViewController.swift */,
				375FA8A4222666E700A30F49 /* PostCell.swift */,
			);
			path = Parstagramm;
			sourceTree = "<group>";
		};
		375FA8842224A13600A30F49 /* ParstagrammTests */ = {
			isa = PBXGroup;
			children = (
				375FA8852224A13600A30F49 /* ParstagrammTests.swift */,
				375FA8872224A13600A30F49 /* Info.plist */,
			);
			path = ParstagrammTests;
			sourceTree = "<group>";
		};
		375FA88F2224A13600A30F49 /* ParstagrammUITests */ = {
			isa = PBXGroup;
			children = (
				375FA8902224A13600A30F49 /* ParstagrammUITests.swift */,
				375FA8922224A13600A30F49 /* Info.plist */,
			);
			path = ParstagrammUITests;
			sourceTree = "<group>";
		};
		6B15696BC6A5AF61FCCB939F /* Frameworks */ = {
			isa = PBXGroup;
			children = (
				9DC36EA5956456CD3E857519 /* Pods_Parstagramm.framework */,
				18013FA28503528592A76067 /* Pods_ParstagrammTests.framework */,
				02BFF6F9936EB7A684314F14 /* Pods_ParstagrammUITests.framework */,
			);
			name = Frameworks;
			sourceTree = "<group>";
		};
		E32B87B11BE4784265E8F6AD /* Pods */ = {
			isa = PBXGroup;
			children = (
				7E1807282E34CA2F8B0E097D /* Pods-Parstagramm.debug.xcconfig */,
				D364B520CBEDBFF6A31C4695 /* Pods-Parstagramm.release.xcconfig */,
				17FA9454512D0C24CC4F1828 /* Pods-ParstagrammTests.debug.xcconfig */,
				2FF512E9AF4812AA4F7F9BAE /* Pods-ParstagrammTests.release.xcconfig */,
				8909B709833E8C590B5CDAB5 /* Pods-ParstagrammUITests.debug.xcconfig */,
				4C8BA225EFB866901F60C022 /* Pods-ParstagrammUITests.release.xcconfig */,
			);
			name = Pods;
			sourceTree = "<group>";
		};
/* End PBXGroup section */

/* Begin PBXNativeTarget section */
		375FA8692224A13300A30F49 /* Parstagramm */ = {
			isa = PBXNativeTarget;
			buildConfigurationList = 375FA8952224A13700A30F49 /* Build configuration list for PBXNativeTarget "Parstagramm" */;
			buildPhases = (
				B6DAB29BB5096F6CE24F745B /* [CP] Check Pods Manifest.lock */,
				375FA8662224A13300A30F49 /* Sources */,
				375FA8672224A13300A30F49 /* Frameworks */,
				375FA8682224A13300A30F49 /* Resources */,
				82D9B129958722C17AC42194 /* [CP] Embed Pods Frameworks */,
			);
			buildRules = (
			);
			dependencies = (
			);
			name = Parstagramm;
			productName = Parstagramm;
			productReference = 375FA86A2224A13300A30F49 /* Parstagramm.app */;
			productType = "com.apple.product-type.application";
		};
		375FA8802224A13600A30F49 /* ParstagrammTests */ = {
			isa = PBXNativeTarget;
			buildConfigurationList = 375FA8982224A13700A30F49 /* Build configuration list for PBXNativeTarget "ParstagrammTests" */;
			buildPhases = (
				373A782316E755CA8169D71F /* [CP] Check Pods Manifest.lock */,
				375FA87D2224A13600A30F49 /* Sources */,
				375FA87E2224A13600A30F49 /* Frameworks */,
				375FA87F2224A13600A30F49 /* Resources */,
			);
			buildRules = (
			);
			dependencies = (
				375FA8832224A13600A30F49 /* PBXTargetDependency */,
			);
			name = ParstagrammTests;
			productName = ParstagrammTests;
			productReference = 375FA8812224A13600A30F49 /* ParstagrammTests.xctest */;
			productType = "com.apple.product-type.bundle.unit-test";
		};
		375FA88B2224A13600A30F49 /* ParstagrammUITests */ = {
			isa = PBXNativeTarget;
			buildConfigurationList = 375FA89B2224A13700A30F49 /* Build configuration list for PBXNativeTarget "ParstagrammUITests" */;
			buildPhases = (
				620251FD485AF85B0E5D3B3A /* [CP] Check Pods Manifest.lock */,
				375FA8882224A13600A30F49 /* Sources */,
				375FA8892224A13600A30F49 /* Frameworks */,
				375FA88A2224A13600A30F49 /* Resources */,
			);
			buildRules = (
			);
			dependencies = (
				375FA88E2224A13600A30F49 /* PBXTargetDependency */,
			);
			name = ParstagrammUITests;
			productName = ParstagrammUITests;
			productReference = 375FA88C2224A13600A30F49 /* ParstagrammUITests.xctest */;
			productType = "com.apple.product-type.bundle.ui-testing";
		};
/* End PBXNativeTarget section */

/* Begin PBXProject section */
		375FA8622224A13300A30F49 /* Project object */ = {
			isa = PBXProject;
			attributes = {
				LastSwiftUpdateCheck = 1010;
				LastUpgradeCheck = 1010;
				ORGANIZATIONNAME = "Miguel Aceves";
				TargetAttributes = {
					375FA8692224A13300A30F49 = {
						CreatedOnToolsVersion = 10.1;
					};
					375FA8802224A13600A30F49 = {
						CreatedOnToolsVersion = 10.1;
						TestTargetID = 375FA8692224A13300A30F49;
					};
					375FA88B2224A13600A30F49 = {
						CreatedOnToolsVersion = 10.1;
						TestTargetID = 375FA8692224A13300A30F49;
					};
				};
			};
			buildConfigurationList = 375FA8652224A13300A30F49 /* Build configuration list for PBXProject "Parstagramm" */;
			compatibilityVersion = "Xcode 9.3";
			developmentRegion = en;
			hasScannedForEncodings = 0;
			knownRegions = (
				en,
				Base,
			);
			mainGroup = 375FA8612224A13300A30F49;
			productRefGroup = 375FA86B2224A13300A30F49 /* Products */;
			projectDirPath = "";
			projectRoot = "";
			targets = (
				375FA8692224A13300A30F49 /* Parstagramm */,
				375FA8802224A13600A30F49 /* ParstagrammTests */,
				375FA88B2224A13600A30F49 /* ParstagrammUITests */,
			);
		};
/* End PBXProject section */

/* Begin PBXResourcesBuildPhase section */
		375FA8682224A13300A30F49 /* Resources */ = {
			isa = PBXResourcesBuildPhase;
			buildActionMask = 2147483647;
			files = (
				375FA87B2224A13600A30F49 /* LaunchScreen.storyboard in Resources */,
				375FA8782224A13600A30F49 /* Assets.xcassets in Resources */,
				375FA8732224A13300A30F49 /* Main.storyboard in Resources */,
			);
			runOnlyForDeploymentPostprocessing = 0;
		};
		375FA87F2224A13600A30F49 /* Resources */ = {
			isa = PBXResourcesBuildPhase;
			buildActionMask = 2147483647;
			files = (
			);
			runOnlyForDeploymentPostprocessing = 0;
		};
		375FA88A2224A13600A30F49 /* Resources */ = {
			isa = PBXResourcesBuildPhase;
			buildActionMask = 2147483647;
			files = (
			);
			runOnlyForDeploymentPostprocessing = 0;
		};
/* End PBXResourcesBuildPhase section */

/* Begin PBXShellScriptBuildPhase section */
		373A782316E755CA8169D71F /* [CP] Check Pods Manifest.lock */ = {
			isa = PBXShellScriptBuildPhase;
			buildActionMask = 2147483647;
			files = (
			);
			inputFileListPaths = (
			);
			inputPaths = (
				"${PODS_PODFILE_DIR_PATH}/Podfile.lock",
				"${PODS_ROOT}/Manifest.lock",
			);
			name = "[CP] Check Pods Manifest.lock";
			outputFileListPaths = (
			);
			outputPaths = (
				"$(DERIVED_FILE_DIR)/Pods-ParstagrammTests-checkManifestLockResult.txt",
			);
			runOnlyForDeploymentPostprocessing = 0;
			shellPath = /bin/sh;
			shellScript = "diff \"${PODS_PODFILE_DIR_PATH}/Podfile.lock\" \"${PODS_ROOT}/Manifest.lock\" > /dev/null\nif [ $? != 0 ] ; then\n    # print error to STDERR\n    echo \"error: The sandbox is not in sync with the Podfile.lock. Run 'pod install' or update your CocoaPods installation.\" >&2\n    exit 1\nfi\n# This output is used by Xcode 'outputs' to avoid re-running this script phase.\necho \"SUCCESS\" > \"${SCRIPT_OUTPUT_FILE_0}\"\n";
			showEnvVarsInLog = 0;
		};
		620251FD485AF85B0E5D3B3A /* [CP] Check Pods Manifest.lock */ = {
			isa = PBXShellScriptBuildPhase;
			buildActionMask = 2147483647;
			files = (
			);
			inputFileListPaths = (
			);
			inputPaths = (
				"${PODS_PODFILE_DIR_PATH}/Podfile.lock",
				"${PODS_ROOT}/Manifest.lock",
			);
			name = "[CP] Check Pods Manifest.lock";
			outputFileListPaths = (
			);
			outputPaths = (
				"$(DERIVED_FILE_DIR)/Pods-ParstagrammUITests-checkManifestLockResult.txt",
			);
			runOnlyForDeploymentPostprocessing = 0;
			shellPath = /bin/sh;
			shellScript = "diff \"${PODS_PODFILE_DIR_PATH}/Podfile.lock\" \"${PODS_ROOT}/Manifest.lock\" > /dev/null\nif [ $? != 0 ] ; then\n    # print error to STDERR\n    echo \"error: The sandbox is not in sync with the Podfile.lock. Run 'pod install' or update your CocoaPods installation.\" >&2\n    exit 1\nfi\n# This output is used by Xcode 'outputs' to avoid re-running this script phase.\necho \"SUCCESS\" > \"${SCRIPT_OUTPUT_FILE_0}\"\n";
			showEnvVarsInLog = 0;
		};
		82D9B129958722C17AC42194 /* [CP] Embed Pods Frameworks */ = {
			isa = PBXShellScriptBuildPhase;
			buildActionMask = 2147483647;
			files = (
			);
			inputFileListPaths = (
			);
			inputPaths = (
				"${SRCROOT}/Pods/Target Support Files/Pods-Parstagramm/Pods-Parstagramm-frameworks.sh",
				"${BUILT_PRODUCTS_DIR}/Alamofire/Alamofire.framework",
				"${BUILT_PRODUCTS_DIR}/AlamofireImage/AlamofireImage.framework",
				"${BUILT_PRODUCTS_DIR}/Bolts/Bolts.framework",
				"${BUILT_PRODUCTS_DIR}/Parse/Parse.framework",
			);
			name = "[CP] Embed Pods Frameworks";
			outputFileListPaths = (
			);
			outputPaths = (
				"${TARGET_BUILD_DIR}/${FRAMEWORKS_FOLDER_PATH}/Alamofire.framework",
				"${TARGET_BUILD_DIR}/${FRAMEWORKS_FOLDER_PATH}/AlamofireImage.framework",
				"${TARGET_BUILD_DIR}/${FRAMEWORKS_FOLDER_PATH}/Bolts.framework",
				"${TARGET_BUILD_DIR}/${FRAMEWORKS_FOLDER_PATH}/Parse.framework",
			);
			runOnlyForDeploymentPostprocessing = 0;
			shellPath = /bin/sh;
			shellScript = "\"${SRCROOT}/Pods/Target Support Files/Pods-Parstagramm/Pods-Parstagramm-frameworks.sh\"\n";
			showEnvVarsInLog = 0;
		};
		B6DAB29BB5096F6CE24F745B /* [CP] Check Pods Manifest.lock */ = {
			isa = PBXShellScriptBuildPhase;
			buildActionMask = 2147483647;
			files = (
			);
			inputFileListPaths = (
			);
			inputPaths = (
				"${PODS_PODFILE_DIR_PATH}/Podfile.lock",
				"${PODS_ROOT}/Manifest.lock",
			);
			name = "[CP] Check Pods Manifest.lock";
			outputFileListPaths = (
			);
			outputPaths = (
				"$(DERIVED_FILE_DIR)/Pods-Parstagramm-checkManifestLockResult.txt",
			);
			runOnlyForDeploymentPostprocessing = 0;
			shellPath = /bin/sh;
			shellScript = "diff \"${PODS_PODFILE_DIR_PATH}/Podfile.lock\" \"${PODS_ROOT}/Manifest.lock\" > /dev/null\nif [ $? != 0 ] ; then\n    # print error to STDERR\n    echo \"error: The sandbox is not in sync with the Podfile.lock. Run 'pod install' or update your CocoaPods installation.\" >&2\n    exit 1\nfi\n# This output is used by Xcode 'outputs' to avoid re-running this script phase.\necho \"SUCCESS\" > \"${SCRIPT_OUTPUT_FILE_0}\"\n";
			showEnvVarsInLog = 0;
		};
/* End PBXShellScriptBuildPhase section */

/* Begin PBXSourcesBuildPhase section */
		375FA8662224A13300A30F49 /* Sources */ = {
			isa = PBXSourcesBuildPhase;
			buildActionMask = 2147483647;
			files = (
				375FA89F2224C0B300A30F49 /* LoginViewController.swift in Sources */,
				375FA8A32224CEFB00A30F49 /* CameraViewController.swift in Sources */,
				375FA8762224A13300A30F49 /* Parstagramm.xcdatamodeld in Sources */,
				375FA8A12224C0BE00A30F49 /* FeedViewController.swift in Sources */,
				375FA86E2224A13300A30F49 /* AppDelegate.swift in Sources */,
				375FA8A5222666E700A30F49 /* PostCell.swift in Sources */,
			);
			runOnlyForDeploymentPostprocessing = 0;
		};
		375FA87D2224A13600A30F49 /* Sources */ = {
			isa = PBXSourcesBuildPhase;
			buildActionMask = 2147483647;
			files = (
				375FA8862224A13600A30F49 /* ParstagrammTests.swift in Sources */,
			);
			runOnlyForDeploymentPostprocessing = 0;
		};
		375FA8882224A13600A30F49 /* Sources */ = {
			isa = PBXSourcesBuildPhase;
			buildActionMask = 2147483647;
			files = (
				375FA8912224A13600A30F49 /* ParstagrammUITests.swift in Sources */,
			);
			runOnlyForDeploymentPostprocessing = 0;
		};
/* End PBXSourcesBuildPhase section */

/* Begin PBXTargetDependency section */
		375FA8832224A13600A30F49 /* PBXTargetDependency */ = {
			isa = PBXTargetDependency;
			target = 375FA8692224A13300A30F49 /* Parstagramm */;
			targetProxy = 375FA8822224A13600A30F49 /* PBXContainerItemProxy */;
		};
		375FA88E2224A13600A30F49 /* PBXTargetDependency */ = {
			isa = PBXTargetDependency;
			target = 375FA8692224A13300A30F49 /* Parstagramm */;
			targetProxy = 375FA88D2224A13600A30F49 /* PBXContainerItemProxy */;
		};
/* End PBXTargetDependency section */

/* Begin PBXVariantGroup section */
		375FA8712224A13300A30F49 /* Main.storyboard */ = {
			isa = PBXVariantGroup;
			children = (
				375FA8722224A13300A30F49 /* Base */,
			);
			name = Main.storyboard;
			sourceTree = "<group>";
		};
		375FA8792224A13600A30F49 /* LaunchScreen.storyboard */ = {
			isa = PBXVariantGroup;
			children = (
				375FA87A2224A13600A30F49 /* Base */,
			);
			name = LaunchScreen.storyboard;
			sourceTree = "<group>";
		};
/* End PBXVariantGroup section */

/* Begin XCBuildConfiguration section */
		375FA8932224A13600A30F49 /* Debug */ = {
			isa = XCBuildConfiguration;
			buildSettings = {
				ALWAYS_SEARCH_USER_PATHS = NO;
				CLANG_ANALYZER_NONNULL = YES;
				CLANG_ANALYZER_NUMBER_OBJECT_CONVERSION = YES_AGGRESSIVE;
				CLANG_CXX_LANGUAGE_STANDARD = "gnu++14";
				CLANG_CXX_LIBRARY = "libc++";
				CLANG_ENABLE_MODULES = YES;
				CLANG_ENABLE_OBJC_ARC = YES;
				CLANG_ENABLE_OBJC_WEAK = YES;
				CLANG_WARN_BLOCK_CAPTURE_AUTORELEASING = YES;
				CLANG_WARN_BOOL_CONVERSION = YES;
				CLANG_WARN_COMMA = YES;
				CLANG_WARN_CONSTANT_CONVERSION = YES;
				CLANG_WARN_DEPRECATED_OBJC_IMPLEMENTATIONS = YES;
				CLANG_WARN_DIRECT_OBJC_ISA_USAGE = YES_ERROR;
				CLANG_WARN_DOCUMENTATION_COMMENTS = YES;
				CLANG_WARN_EMPTY_BODY = YES;
				CLANG_WARN_ENUM_CONVERSION = YES;
				CLANG_WARN_INFINITE_RECURSION = YES;
				CLANG_WARN_INT_CONVERSION = YES;
				CLANG_WARN_NON_LITERAL_NULL_CONVERSION = YES;
				CLANG_WARN_OBJC_IMPLICIT_RETAIN_SELF = YES;
				CLANG_WARN_OBJC_LITERAL_CONVERSION = YES;
				CLANG_WARN_OBJC_ROOT_CLASS = YES_ERROR;
				CLANG_WARN_RANGE_LOOP_ANALYSIS = YES;
				CLANG_WARN_STRICT_PROTOTYPES = YES;
				CLANG_WARN_SUSPICIOUS_MOVE = YES;
				CLANG_WARN_UNGUARDED_AVAILABILITY = YES_AGGRESSIVE;
				CLANG_WARN_UNREACHABLE_CODE = YES;
				CLANG_WARN__DUPLICATE_METHOD_MATCH = YES;
				CODE_SIGN_IDENTITY = "iPhone Developer";
				COPY_PHASE_STRIP = NO;
				DEBUG_INFORMATION_FORMAT = dwarf;
				ENABLE_STRICT_OBJC_MSGSEND = YES;
				ENABLE_TESTABILITY = YES;
				GCC_C_LANGUAGE_STANDARD = gnu11;
				GCC_DYNAMIC_NO_PIC = NO;
				GCC_NO_COMMON_BLOCKS = YES;
				GCC_OPTIMIZATION_LEVEL = 0;
				GCC_PREPROCESSOR_DEFINITIONS = (
					"DEBUG=1",
					"$(inherited)",
				);
				GCC_WARN_64_TO_32_BIT_CONVERSION = YES;
				GCC_WARN_ABOUT_RETURN_TYPE = YES_ERROR;
				GCC_WARN_UNDECLARED_SELECTOR = YES;
				GCC_WARN_UNINITIALIZED_AUTOS = YES_AGGRESSIVE;
				GCC_WARN_UNUSED_FUNCTION = YES;
				GCC_WARN_UNUSED_VARIABLE = YES;
				IPHONEOS_DEPLOYMENT_TARGET = 12.1;
				MTL_ENABLE_DEBUG_INFO = INCLUDE_SOURCE;
				MTL_FAST_MATH = YES;
				ONLY_ACTIVE_ARCH = YES;
				SDKROOT = iphoneos;
				SWIFT_ACTIVE_COMPILATION_CONDITIONS = DEBUG;
				SWIFT_OPTIMIZATION_LEVEL = "-Onone";
			};
			name = Debug;
		};
		375FA8942224A13700A30F49 /* Release */ = {
			isa = XCBuildConfiguration;
			buildSettings = {
				ALWAYS_SEARCH_USER_PATHS = NO;
				CLANG_ANALYZER_NONNULL = YES;
				CLANG_ANALYZER_NUMBER_OBJECT_CONVERSION = YES_AGGRESSIVE;
				CLANG_CXX_LANGUAGE_STANDARD = "gnu++14";
				CLANG_CXX_LIBRARY = "libc++";
				CLANG_ENABLE_MODULES = YES;
				CLANG_ENABLE_OBJC_ARC = YES;
				CLANG_ENABLE_OBJC_WEAK = YES;
				CLANG_WARN_BLOCK_CAPTURE_AUTORELEASING = YES;
				CLANG_WARN_BOOL_CONVERSION = YES;
				CLANG_WARN_COMMA = YES;
				CLANG_WARN_CONSTANT_CONVERSION = YES;
				CLANG_WARN_DEPRECATED_OBJC_IMPLEMENTATIONS = YES;
				CLANG_WARN_DIRECT_OBJC_ISA_USAGE = YES_ERROR;
				CLANG_WARN_DOCUMENTATION_COMMENTS = YES;
				CLANG_WARN_EMPTY_BODY = YES;
				CLANG_WARN_ENUM_CONVERSION = YES;
				CLANG_WARN_INFINITE_RECURSION = YES;
				CLANG_WARN_INT_CONVERSION = YES;
				CLANG_WARN_NON_LITERAL_NULL_CONVERSION = YES;
				CLANG_WARN_OBJC_IMPLICIT_RETAIN_SELF = YES;
				CLANG_WARN_OBJC_LITERAL_CONVERSION = YES;
				CLANG_WARN_OBJC_ROOT_CLASS = YES_ERROR;
				CLANG_WARN_RANGE_LOOP_ANALYSIS = YES;
				CLANG_WARN_STRICT_PROTOTYPES = YES;
				CLANG_WARN_SUSPICIOUS_MOVE = YES;
				CLANG_WARN_UNGUARDED_AVAILABILITY = YES_AGGRESSIVE;
				CLANG_WARN_UNREACHABLE_CODE = YES;
				CLANG_WARN__DUPLICATE_METHOD_MATCH = YES;
				CODE_SIGN_IDENTITY = "iPhone Developer";
				COPY_PHASE_STRIP = NO;
				DEBUG_INFORMATION_FORMAT = "dwarf-with-dsym";
				ENABLE_NS_ASSERTIONS = NO;
				ENABLE_STRICT_OBJC_MSGSEND = YES;
				GCC_C_LANGUAGE_STANDARD = gnu11;
				GCC_NO_COMMON_BLOCKS = YES;
				GCC_WARN_64_TO_32_BIT_CONVERSION = YES;
				GCC_WARN_ABOUT_RETURN_TYPE = YES_ERROR;
				GCC_WARN_UNDECLARED_SELECTOR = YES;
				GCC_WARN_UNINITIALIZED_AUTOS = YES_AGGRESSIVE;
				GCC_WARN_UNUSED_FUNCTION = YES;
				GCC_WARN_UNUSED_VARIABLE = YES;
				IPHONEOS_DEPLOYMENT_TARGET = 12.1;
				MTL_ENABLE_DEBUG_INFO = NO;
				MTL_FAST_MATH = YES;
				SDKROOT = iphoneos;
				SWIFT_COMPILATION_MODE = wholemodule;
				SWIFT_OPTIMIZATION_LEVEL = "-O";
				VALIDATE_PRODUCT = YES;
			};
			name = Release;
		};
		375FA8962224A13700A30F49 /* Debug */ = {
			isa = XCBuildConfiguration;
			baseConfigurationReference = 7E1807282E34CA2F8B0E097D /* Pods-Parstagramm.debug.xcconfig */;
			buildSettings = {
				ASSETCATALOG_COMPILER_APPICON_NAME = AppIcon;
				CODE_SIGN_STYLE = Automatic;
				DEVELOPMENT_TEAM = 297DJKKM28;
				INFOPLIST_FILE = Parstagramm/Info.plist;
				LD_RUNPATH_SEARCH_PATHS = (
					"$(inherited)",
					"@executable_path/Frameworks",
				);
				PRODUCT_BUNDLE_IDENTIFIER = Miggs.Parstagramm;
				PRODUCT_NAME = "$(TARGET_NAME)";
				SWIFT_VERSION = 4.2;
				TARGETED_DEVICE_FAMILY = "1,2";
			};
			name = Debug;
		};
		375FA8972224A13700A30F49 /* Release */ = {
			isa = XCBuildConfiguration;
			baseConfigurationReference = D364B520CBEDBFF6A31C4695 /* Pods-Parstagramm.release.xcconfig */;
			buildSettings = {
				ASSETCATALOG_COMPILER_APPICON_NAME = AppIcon;
				CODE_SIGN_STYLE = Automatic;
				DEVELOPMENT_TEAM = 297DJKKM28;
				INFOPLIST_FILE = Parstagramm/Info.plist;
				LD_RUNPATH_SEARCH_PATHS = (
					"$(inherited)",
					"@executable_path/Frameworks",
				);
				PRODUCT_BUNDLE_IDENTIFIER = Miggs.Parstagramm;
				PRODUCT_NAME = "$(TARGET_NAME)";
				SWIFT_VERSION = 4.2;
				TARGETED_DEVICE_FAMILY = "1,2";
			};
			name = Release;
		};
		375FA8992224A13700A30F49 /* Debug */ = {
			isa = XCBuildConfiguration;
			baseConfigurationReference = 17FA9454512D0C24CC4F1828 /* Pods-ParstagrammTests.debug.xcconfig */;
			buildSettings = {
				ALWAYS_EMBED_SWIFT_STANDARD_LIBRARIES = YES;
				BUNDLE_LOADER = "$(TEST_HOST)";
				CODE_SIGN_STYLE = Automatic;
				DEVELOPMENT_TEAM = 297DJKKM28;
				INFOPLIST_FILE = ParstagrammTests/Info.plist;
				LD_RUNPATH_SEARCH_PATHS = (
					"$(inherited)",
					"@executable_path/Frameworks",
					"@loader_path/Frameworks",
				);
				PRODUCT_BUNDLE_IDENTIFIER = Miggs.ParstagrammTests;
				PRODUCT_NAME = "$(TARGET_NAME)";
				SWIFT_VERSION = 4.2;
				TARGETED_DEVICE_FAMILY = "1,2";
				TEST_HOST = "$(BUILT_PRODUCTS_DIR)/Parstagramm.app/Parstagramm";
			};
			name = Debug;
		};
		375FA89A2224A13700A30F49 /* Release */ = {
			isa = XCBuildConfiguration;
			baseConfigurationReference = 2FF512E9AF4812AA4F7F9BAE /* Pods-ParstagrammTests.release.xcconfig */;
			buildSettings = {
				ALWAYS_EMBED_SWIFT_STANDARD_LIBRARIES = YES;
				BUNDLE_LOADER = "$(TEST_HOST)";
				CODE_SIGN_STYLE = Automatic;
				DEVELOPMENT_TEAM = 297DJKKM28;
				INFOPLIST_FILE = ParstagrammTests/Info.plist;
				LD_RUNPATH_SEARCH_PATHS = (
					"$(inherited)",
					"@executable_path/Frameworks",
					"@loader_path/Frameworks",
				);
				PRODUCT_BUNDLE_IDENTIFIER = Miggs.ParstagrammTests;
				PRODUCT_NAME = "$(TARGET_NAME)";
				SWIFT_VERSION = 4.2;
				TARGETED_DEVICE_FAMILY = "1,2";
				TEST_HOST = "$(BUILT_PRODUCTS_DIR)/Parstagramm.app/Parstagramm";
			};
			name = Release;
		};
		375FA89C2224A13700A30F49 /* Debug */ = {
			isa = XCBuildConfiguration;
			baseConfigurationReference = 8909B709833E8C590B5CDAB5 /* Pods-ParstagrammUITests.debug.xcconfig */;
			buildSettings = {
				ALWAYS_EMBED_SWIFT_STANDARD_LIBRARIES = YES;
				CODE_SIGN_STYLE = Automatic;
				DEVELOPMENT_TEAM = 297DJKKM28;
				INFOPLIST_FILE = ParstagrammUITests/Info.plist;
				LD_RUNPATH_SEARCH_PATHS = (
					"$(inherited)",
					"@executable_path/Frameworks",
					"@loader_path/Frameworks",
				);
				PRODUCT_BUNDLE_IDENTIFIER = Miggs.ParstagrammUITests;
				PRODUCT_NAME = "$(TARGET_NAME)";
				SWIFT_VERSION = 4.2;
				TARGETED_DEVICE_FAMILY = "1,2";
				TEST_TARGET_NAME = Parstagramm;
			};
			name = Debug;
		};
		375FA89D2224A13700A30F49 /* Release */ = {
			isa = XCBuildConfiguration;
			baseConfigurationReference = 4C8BA225EFB866901F60C022 /* Pods-ParstagrammUITests.release.xcconfig */;
			buildSettings = {
				ALWAYS_EMBED_SWIFT_STANDARD_LIBRARIES = YES;
				CODE_SIGN_STYLE = Automatic;
				DEVELOPMENT_TEAM = 297DJKKM28;
				INFOPLIST_FILE = ParstagrammUITests/Info.plist;
				LD_RUNPATH_SEARCH_PATHS = (
					"$(inherited)",
					"@executable_path/Frameworks",
					"@loader_path/Frameworks",
				);
				PRODUCT_BUNDLE_IDENTIFIER = Miggs.ParstagrammUITests;
				PRODUCT_NAME = "$(TARGET_NAME)";
				SWIFT_VERSION = 4.2;
				TARGETED_DEVICE_FAMILY = "1,2";
				TEST_TARGET_NAME = Parstagramm;
			};
			name = Release;
		};
/* End XCBuildConfiguration section */

/* Begin XCConfigurationList section */
		375FA8652224A13300A30F49 /* Build configuration list for PBXProject "Parstagramm" */ = {
			isa = XCConfigurationList;
			buildConfigurations = (
				375FA8932224A13600A30F49 /* Debug */,
				375FA8942224A13700A30F49 /* Release */,
			);
			defaultConfigurationIsVisible = 0;
			defaultConfigurationName = Release;
		};
		375FA8952224A13700A30F49 /* Build configuration list for PBXNativeTarget "Parstagramm" */ = {
			isa = XCConfigurationList;
			buildConfigurations = (
				375FA8962224A13700A30F49 /* Debug */,
				375FA8972224A13700A30F49 /* Release */,
			);
			defaultConfigurationIsVisible = 0;
			defaultConfigurationName = Release;
		};
		375FA8982224A13700A30F49 /* Build configuration list for PBXNativeTarget "ParstagrammTests" */ = {
			isa = XCConfigurationList;
			buildConfigurations = (
				375FA8992224A13700A30F49 /* Debug */,
				375FA89A2224A13700A30F49 /* Release */,
			);
			defaultConfigurationIsVisible = 0;
			defaultConfigurationName = Release;
		};
		375FA89B2224A13700A30F49 /* Build configuration list for PBXNativeTarget "ParstagrammUITests" */ = {
			isa = XCConfigurationList;
			buildConfigurations = (
				375FA89C2224A13700A30F49 /* Debug */,
				375FA89D2224A13700A30F49 /* Release */,
			);
			defaultConfigurationIsVisible = 0;
			defaultConfigurationName = Release;
		};
/* End XCConfigurationList section */

/* Begin XCVersionGroup section */
		375FA8742224A13300A30F49 /* Parstagramm.xcdatamodeld */ = {
			isa = XCVersionGroup;
			children = (
				375FA8752224A13300A30F49 /* Parstagramm.xcdatamodel */,
			);
			currentVersion = 375FA8752224A13300A30F49 /* Parstagramm.xcdatamodel */;
			path = Parstagramm.xcdatamodeld;
			sourceTree = "<group>";
			versionGroupType = wrapper.xcdatamodel;
		};
/* End XCVersionGroup section */
	};
	rootObject = 375FA8622224A13300A30F49 /* Project object */;
}
